
Microsoft Visual Studio Solution File, Format Version 12.00
# Visual Studio Version 16
VisualStudioVersion = 16.0.32106.194
MinimumVisualStudioVersion = 10.0.40219.1
Project("{FAE04EC0-301F-11D3-BF4B-00C04F79EFBC}") = "Counter261.UWP", "Counter261\Counter261.UWP\Counter261.UWP.csproj", "{B3AA4176-2BF8-456A-860A-C792D766775C}"
EndProject
Project("{FAE04EC0-301F-11D3-BF4B-00C04F79EFBC}") = "Counter261.Android", "Counter261\Counter261.Android\Counter261.Android.csproj", "{9D191E13-34FB-4284-956E-6AA49F5F3752}"
EndProject
Project("{FAE04EC0-301F-11D3-BF4B-00C04F79EFBC}") = "Counter261.iOS", "Counter261\Counter261.iOS\Counter261.iOS.csproj", "{9EE84B06-3989-4241-89AE-0CD149F44E7A}"
EndProject
Project("{FAE04EC0-301F-11D3-BF4B-00C04F79EFBC}") = "Counter261", "Counter261\Counter261\Counter261.csproj", "{A3FC27CA-6C98-43C8-8E74-0997B4F8646A}"
EndProject
Global
	GlobalSection(SolutionConfigurationPlatforms) = preSolution
		Debug|Any CPU = Debug|Any CPU
		Debug|ARM = Debug|ARM
		Debug|iPhone = Debug|iPhone
		Debug|iPhoneSimulator = Debug|iPhoneSimulator
		Debug|x64 = Debug|x64
		Debug|x86 = Debug|x86
		Release|Any CPU = Release|Any CPU
		Release|ARM = Release|ARM
		Release|iPhone = Release|iPhone
		Release|iPhoneSimulator = Release|iPhoneSimulator
		Release|x64 = Release|x64
		Release|x86 = Release|x86
	EndGlobalSection
	GlobalSection(ProjectConfigurationPlatforms) = postSolution
		{B3AA4176-2BF8-456A-860A-C792D766775C}.Debug|Any CPU.ActiveCfg = Debug|x86
		{B3AA4176-2BF8-456A-860A-C792D766775C}.Debug|Any CPU.Build.0 = Debug|x86
		{B3AA4176-2BF8-456A-860A-C792D766775C}.Debug|Any CPU.Deploy.0 = Debug|x86
		{B3AA4176-2BF8-456A-860A-C792D766775C}.Debug|ARM.ActiveCfg = Debug|ARM
		{B3AA4176-2BF8-456A-860A-C792D766775C}.Debug|ARM.Build.0 = Debug|ARM
		{B3AA4176-2BF8-456A-860A-C792D766775C}.Debug|ARM.Deploy.0 = Debug|ARM
		{B3AA4176-2BF8-456A-860A-C792D766775C}.Debug|iPhone.ActiveCfg = Debug|x86
		{B3AA4176-2BF8-456A-860A-C792D766775C}.Debug|iPhone.Build.0 = Debug|x86
		{B3AA4176-2BF8-456A-860A-C792D766775C}.Debug|iPhone.Deploy.0 = Debug|x86
		{B3AA4176-2BF8-456A-860A-C792D766775C}.Debug|iPhoneSimulator.ActiveCfg = Debug|x86
		{B3AA4176-2BF8-456A-860A-C792D766775C}.Debug|iPhoneSimulator.Build.0 = Debug|x86
		{B3AA4176-2BF8-456A-860A-C792D766775C}.Debug|iPhoneSimulator.Deploy.0 = Debug|x86
		{B3AA4176-2BF8-456A-860A-C792D766775C}.Debug|x64.ActiveCfg = Debug|x64
		{B3AA4176-2BF8-456A-860A-C792D766775C}.Debug|x64.Build.0 = Debug|x64
		{B3AA4176-2BF8-456A-860A-C792D766775C}.Debug|x64.Deploy.0 = Debug|x64
		{B3AA4176-2BF8-456A-860A-C792D766775C}.Debug|x86.ActiveCfg = Debug|x86
		{B3AA4176-2BF8-456A-860A-C792D766775C}.Debug|x86.Build.0 = Debug|x86
		{B3AA4176-2BF8-456A-860A-C792D766775C}.Debug|x86.Deploy.0 = Debug|x86
		{B3AA4176-2BF8-456A-860A-C792D766775C}.Release|Any CPU.ActiveCfg = Release|x86
		{B3AA4176-2BF8-456A-860A-C792D766775C}.Release|Any CPU.Build.0 = Release|x86
		{B3AA4176-2BF8-456A-860A-C792D766775C}.Release|Any CPU.Deploy.0 = Release|x86
		{B3AA4176-2BF8-456A-860A-C792D766775C}.Release|ARM.ActiveCfg = Release|ARM
		{B3AA4176-2BF8-456A-860A-C792D766775C}.Release|ARM.Build.0 = Release|ARM
		{B3AA4176-2BF8-456A-860A-C792D766775C}.Release|ARM.Deploy.0 = Release|ARM
		{B3AA4176-2BF8-456A-860A-C792D766775C}.Release|iPhone.ActiveCfg = Release|x86
		{B3AA4176-2BF8-456A-860A-C792D766775C}.Release|iPhone.Build.0 = Release|x86
		{B3AA4176-2BF8-456A-860A-C792D766775C}.Release|iPhone.Deploy.0 = Release|x86
		{B3AA4176-2BF8-456A-860A-C792D766775C}.Release|iPhoneSimulator.ActiveCfg = Release|x86
		{B3AA4176-2BF8-456A-860A-C792D766775C}.Release|iPhoneSimulator.Build.0 = Release|x86
		{B3AA4176-2BF8-456A-860A-C792D766775C}.Release|iPhoneSimulator.Deploy.0 = Release|x86
		{B3AA4176-2BF8-456A-860A-C792D766775C}.Release|x64.ActiveCfg = Release|x64
		{B3AA4176-2BF8-456A-860A-C792D766775C}.Release|x64.Build.0 = Release|x64
		{B3AA4176-2BF8-456A-860A-C792D766775C}.Release|x64.Deploy.0 = Release|x64
		{B3AA4176-2BF8-456A-860A-C792D766775C}.Release|x86.ActiveCfg = Release|x86
		{B3AA4176-2BF8-456A-860A-C792D766775C}.Release|x86.Build.0 = Release|x86
		{B3AA4176-2BF8-456A-860A-C792D766775C}.Release|x86.Deploy.0 = Release|x86
		{9D191E13-34FB-4284-956E-6AA49F5F3752}.Debug|Any CPU.ActiveCfg = Debug|Any CPU
		{9D191E13-34FB-4284-956E-6AA49F5F3752}.Debug|Any CPU.Build.0 = Debug|Any CPU
		{9D191E13-34FB-4284-956E-6AA49F5F3752}.Debug|Any CPU.Deploy.0 = Debug|Any CPU
		{9D191E13-34FB-4284-956E-6AA49F5F3752}.Debug|ARM.ActiveCfg = Debug|Any CPU
		{9D191E13-34FB-4284-956E-6AA49F5F3752}.Debug|ARM.Build.0 = Debug|Any CPU
		{9D191E13-34FB-4284-956E-6AA49F5F3752}.Debug|ARM.Deploy.0 = Debug|Any CPU
		{9D191E13-34FB-4284-956E-6AA49F5F3752}.Debug|iPhone.ActiveCfg = Debug|Any CPU
		{9D191E13-34FB-4284-956E-6AA49F5F3752}.Debug|iPhone.Build.0 = Debug|Any CPU
		{9D191E13-34FB-4284-956E-6AA49F5F3752}.Debug|iPhone.Deploy.0 = Debug|Any CPU
		{9D191E13-34FB-4284-956E-6AA49F5F3752}.Debug|iPhoneSimulator.ActiveCfg = Debug|Any CPU
		{9D191E13-34FB-4284-956E-6AA49F5F3752}.Debug|iPhoneSimulator.Build.0 = Debug|Any CPU
		{9D191E13-34FB-4284-956E-6AA49F5F3752}.Debug|iPhoneSimulator.Deploy.0 = Debug|Any CPU
		{9D191E13-34FB-4284-956E-6AA49F5F3752}.Debug|x64.ActiveCfg = Debug|Any CPU
		{9D191E13-34FB-4284-956E-6AA49F5F3752}.Debug|x64.Build.0 = Debug|Any CPU
		{9D191E13-34FB-4284-956E-6AA49F5F3752}.Debug|x64.Deploy.0 = Debug|Any CPU
		{9D191E13-34FB-4284-956E-6AA49F5F3752}.Debug|x86.ActiveCfg = Debug|Any CPU
		{9D191E13-34FB-4284-956E-6AA49F5F3752}.Debug|x86.Build.0 = Debug|Any CPU
		{9D191E13-34FB-4284-956E-6AA49F5F3752}.Debug|x86.Deploy.0 = Debug|Any CPU
		{9D191E13-34FB-4284-956E-6AA49F5F3752}.Release|Any CPU.ActiveCfg = Release|Any CPU
		{9D191E13-34FB-4284-956E-6AA49F5F3752}.Release|Any CPU.Build.0 = Release|Any CPU
		{9D191E13-34FB-4284-956E-6AA49F5F3752}.Release|Any CPU.Deploy.0 = Release|Any CPU
		{9D191E13-34FB-4284-956E-6AA49F5F3752}.Release|ARM.ActiveCfg = Release|Any CPU
		{9D191E13-34FB-4284-956E-6AA49F5F3752}.Release|ARM.Build.0 = Release|Any CPU
		{9D191E13-34FB-4284-956E-6AA49F5F3752}.Release|ARM.Deploy.0 = Release|Any CPU
		{9D191E13-34FB-4284-956E-6AA49F5F3752}.Release|iPhone.ActiveCfg = Release|Any CPU
		{9D191E13-34FB-4284-956E-6AA49F5F3752}.Release|iPhone.Build.0 = Release|Any CPU
		{9D191E13-34FB-4284-956E-6AA49F5F3752}.Release|iPhone.Deploy.0 = Release|Any CPU
		{9D191E13-34FB-4284-956E-6AA49F5F3752}.Release|iPhoneSimulator.ActiveCfg = Release|Any CPU
		{9D191E13-34FB-4284-956E-6AA49F5F3752}.Release|iPhoneSimulator.Build.0 = Release|Any CPU
		{9D191E13-34FB-4284-956E-6AA49F5F3752}.Release|iPhoneSimulator.Deploy.0 = Release|Any CPU
		{9D191E13-34FB-4284-956E-6AA49F5F3752}.Release|x64.ActiveCfg = Release|Any CPU
		{9D191E13-34FB-4284-956E-6AA49F5F3752}.Release|x64.Build.0 = Release|Any CPU
		{9D191E13-34FB-4284-956E-6AA49F5F3752}.Release|x64.Deploy.0 = Release|Any CPU
		{9D191E13-34FB-4284-956E-6AA49F5F3752}.Release|x86.ActiveCfg = Release|Any CPU
		{9D191E13-34FB-4284-956E-6AA49F5F3752}.Release|x86.Build.0 = Release|Any CPU
		{9D191E13-34FB-4284-956E-6AA49F5F3752}.Release|x86.Deploy.0 = Release|Any CPU
		{9EE84B06-3989-4241-89AE-0CD149F44E7A}.Debug|Any CPU.ActiveCfg = Debug|iPhoneSimulator
		{9EE84B06-3989-4241-89AE-0CD149F44E7A}.Debug|Any CPU.Build.0 = Debug|iPhoneSimulator
		{9EE84B06-3989-4241-89AE-0CD149F44E7A}.Debug|Any CPU.Deploy.0 = Debug|iPhoneSimulator
		{9EE84B06-3989-4241-89AE-0CD149F44E7A}.Debug|ARM.ActiveCfg = Debug|iPhone
		{9EE84B06-3989-4241-89AE-0CD149F44E7A}.Debug|ARM.Build.0 = Debug|iPhone
		{9EE84B06-3989-4241-89AE-0CD149F44E7A}.Debug|ARM.Deploy.0 = Debug|iPhone
		{9EE84B06-3989-4241-89AE-0CD149F44E7A}.Debug|iPhone.ActiveCfg = Debug|iPhone
		{9EE84B06-3989-4241-89AE-0CD149F44E7A}.Debug|iPhone.Build.0 = Debug|iPhone
		{9EE84B06-3989-4241-89AE-0CD149F44E7A}.Debug|iPhone.Deploy.0 = Debug|iPhone
		{9EE84B06-3989-4241-89AE-0CD149F44E7A}.Debug|iPhoneSimulator.ActiveCfg = Debug|iPhoneSimulator
		{9EE84B06-3989-4241-89AE-0CD149F44E7A}.Debug|iPhoneSimulator.Build.0 = Debug|iPhoneSimulator
		{9EE84B06-3989-4241-89AE-0CD149F44E7A}.Debug|iPhoneSimulator.Deploy.0 = Debug|iPhoneSimulator
		{9EE84B06-3989-4241-89AE-0CD149F44E7A}.Debug|x64.ActiveCfg = Debug|iPhoneSimulator
		{9EE84B06-3989-4241-89AE-0CD149F44E7A}.Debug|x64.Build.0 = Debug|iPhoneSimulator
		{9EE84B06-3989-4241-89AE-0CD149F44E7A}.Debug|x64.Deploy.0 = Debug|iPhoneSimulator
		{9EE84B06-3989-4241-89AE-0CD149F44E7A}.Debug|x86.ActiveCfg = Debug|iPhoneSimulator
		{9EE84B06-3989-4241-89AE-0CD149F44E7A}.Debug|x86.Build.0 = Debug|iPhoneSimulator
		{9EE84B06-3989-4241-89AE-0CD149F44E7A}.Debug|x86.Deploy.0 = Debug|iPhoneSimulator
		{9EE84B06-3989-4241-89AE-0CD149F44E7A}.Release|Any CPU.ActiveCfg = Release|iPhoneSimulator
		{9EE84B06-3989-4241-89AE-0CD149F44E7A}.Release|Any CPU.Build.0 = Release|iPhoneSimulator
		{9EE84B06-3989-4241-89AE-0CD149F44E7A}.Release|Any CPU.Deploy.0 = Release|iPhoneSimulator
		{9EE84B06-3989-4241-89AE-0CD149F44E7A}.Release|ARM.ActiveCfg = Release|iPhoneSimulator
		{9EE84B06-3989-4241-89AE-0CD149F44E7A}.Release|ARM.Build.0 = Release|iPhoneSimulator
		{9EE84B06-3989-4241-89AE-0CD149F44E7A}.Release|ARM.Deploy.0 = Release|iPhoneSimulator
		{9EE84B06-3989-4241-89AE-0CD149F44E7A}.Release|iPhone.ActiveCfg = Release|iPhone
		{9EE84B06-3989-4241-89AE-0CD149F44E7A}.Release|iPhone.Build.0 = Release|iPhone
		{9EE84B06-3989-4241-89AE-0CD149F44E7A}.Release|iPhone.Deploy.0 = Release|iPhone
		{9EE84B06-3989-4241-89AE-0CD149F44E7A}.Release|iPhoneSimulator.ActiveCfg = Release|iPhoneSimulator
		{9EE84B06-3989-4241-89AE-0CD149F44E7A}.Release|iPhoneSimulator.Build.0 = Release|iPhoneSimulator
		{9EE84B06-3989-4241-89AE-0CD149F44E7A}.Release|iPhoneSimulator.Deploy.0 = Release|iPhoneSimulator
		{9EE84B06-3989-4241-89AE-0CD149F44E7A}.Release|x64.ActiveCfg = Release|iPhoneSimulator
		{9EE84B06-3989-4241-89AE-0CD149F44E7A}.Release|x64.Build.0 = Release|iPhoneSimulator
		{9EE84B06-3989-4241-89AE-0CD149F44E7A}.Release|x64.Deploy.0 = Release|iPhoneSimulator
		{9EE84B06-3989-4241-89AE-0CD149F44E7A}.Release|x86.ActiveCfg = Release|iPhoneSimulator
		{9EE84B06-3989-4241-89AE-0CD149F44E7A}.Release|x86.Build.0 = Release|iPhoneSimulator
		{9EE84B06-3989-4241-89AE-0CD149F44E7A}.Release|x86.Deploy.0 = Release|iPhoneSimulator
		{A3FC27CA-6C98-43C8-8E74-0997B4F8646A}.Debug|Any CPU.ActiveCfg = Debug|Any CPU
		{A3FC27CA-6C98-43C8-8E74-0997B4F8646A}.Debug|Any CPU.Build.0 = Debug|Any CPU
		{A3FC27CA-6C98-43C8-8E74-0997B4F8646A}.Debug|Any CPU.Deploy.0 = Debug|Any CPU
		{A3FC27CA-6C98-43C8-8E74-0997B4F8646A}.Debug|ARM.ActiveCfg = Debug|Any CPU
		{A3FC27CA-6C98-43C8-8E74-0997B4F8646A}.Debug|ARM.Build.0 = Debug|Any CPU
		{A3FC27CA-6C98-43C8-8E74-0997B4F8646A}.Debug|ARM.Deploy.0 = Debug|Any CPU
		{A3FC27CA-6C98-43C8-8E74-0997B4F8646A}.Debug|iPhone.ActiveCfg = Debug|Any CPU
		{A3FC27CA-6C98-43C8-8E74-0997B4F8646A}.Debug|iPhone.Build.0 = Debug|Any CPU
		{A3FC27CA-6C98-43C8-8E74-0997B4F8646A}.Debug|iPhone.Deploy.0 = Debug|Any CPU
		{A3FC27CA-6C98-43C8-8E74-0997B4F8646A}.Debug|iPhoneSimulator.ActiveCfg = Debug|Any CPU
		{A3FC27CA-6C98-43C8-8E74-0997B4F8646A}.Debug|iPhoneSimulator.Build.0 = Debug|Any CPU
		{A3FC27CA-6C98-43C8-8E74-0997B4F8646A}.Debug|iPhoneSimulator.Deploy.0 = Debug|Any CPU
		{A3FC27CA-6C98-43C8-8E74-0997B4F8646A}.Debug|x64.ActiveCfg = Debug|Any CPU
		{A3FC27CA-6C98-43C8-8E74-0997B4F8646A}.Debug|x64.Build.0 = Debug|Any CPU
		{A3FC27CA-6C98-43C8-8E74-0997B4F8646A}.Debug|x64.Deploy.0 = Debug|Any CPU
		{A3FC27CA-6C98-43C8-8E74-0997B4F8646A}.Debug|x86.ActiveCfg = Debug|Any CPU
		{A3FC27CA-6C98-43C8-8E74-0997B4F8646A}.Debug|x86.Build.0 = Debug|Any CPU
		{A3FC27CA-6C98-43C8-8E74-0997B4F8646A}.Debug|x86.Deploy.0 = Debug|Any CPU
		{A3FC27CA-6C98-43C8-8E74-0997B4F8646A}.Release|Any CPU.ActiveCfg = Release|Any CPU
		{A3FC27CA-6C98-43C8-8E74-0997B4F8646A}.Release|Any CPU.Build.0 = Release|Any CPU
		{A3FC27CA-6C98-43C8-8E74-0997B4F8646A}.Release|Any CPU.Deploy.0 = Release|Any CPU
		{A3FC27CA-6C98-43C8-8E74-0997B4F8646A}.Release|ARM.ActiveCfg = Release|Any CPU
		{A3FC27CA-6C98-43C8-8E74-0997B4F8646A}.Release|ARM.Build.0 = Release|Any CPU
		{A3FC27CA-6C98-43C8-8E74-0997B4F8646A}.Release|ARM.Deploy.0 = Release|Any CPU
		{A3FC27CA-6C98-43C8-8E74-0997B4F8646A}.Release|iPhone.ActiveCfg = Release|Any CPU
		{A3FC27CA-6C98-43C8-8E74-0997B4F8646A}.Release|iPhone.Build.0 = Release|Any CPU
		{A3FC27CA-6C98-43C8-8E74-0997B4F8646A}.Release|iPhone.Deploy.0 = Release|Any CPU
		{A3FC27CA-6C98-43C8-8E74-0997B4F8646A}.Release|iPhoneSimulator.ActiveCfg = Release|Any CPU
		{A3FC27CA-6C98-43C8-8E74-0997B4F8646A}.Release|iPhoneSimulator.Build.0 = Release|Any CPU
		{A3FC27CA-6C98-43C8-8E74-0997B4F8646A}.Release|iPhoneSimulator.Deploy.0 = Release|Any CPU
		{A3FC27CA-6C98-43C8-8E74-0997B4F8646A}.Release|x64.ActiveCfg = Release|Any CPU
		{A3FC27CA-6C98-43C8-8E74-0997B4F8646A}.Release|x64.Build.0 = Release|Any CPU
		{A3FC27CA-6C98-43C8-8E74-0997B4F8646A}.Release|x64.Deploy.0 = Release|Any CPU
		{A3FC27CA-6C98-43C8-8E74-0997B4F8646A}.Release|x86.ActiveCfg = Release|Any CPU
		{A3FC27CA-6C98-43C8-8E74-0997B4F8646A}.Release|x86.Build.0 = Release|Any CPU
		{A3FC27CA-6C98-43C8-8E74-0997B4F8646A}.Release|x86.Deploy.0 = Release|Any CPU
	EndGlobalSection
	GlobalSection(SolutionProperties) = preSolution
		HideSolutionNode = FALSE
	EndGlobalSection
	GlobalSection(ExtensibilityGlobals) = postSolution
		SolutionGuid = {5AF22788-BACD-4129-8AB1-1DB403CE2CC1}
	EndGlobalSection
EndGlobal
